
Microsoft Visual Studio Solution File, Format Version 12.00
# Visual Studio Version 17
VisualStudioVersion = 17.13.35931.197 d17.13
MinimumVisualStudioVersion = 10.0.40219.1
Project("{FAE04EC0-301F-11D3-BF4B-00C04F79EFBC}") = "CursoBasico", "CursoBasico\CursoBasico.csproj", "{8BF0D7CA-15FE-495A-8F83-7D1AECD55552}"
EndProject
Global
	GlobalSection(SolutionConfigurationPlatforms) = preSolution
		Debug|Any CPU = Debug|Any CPU
		Release|Any CPU = Release|Any CPU
	EndGlobalSection
	GlobalSection(ProjectConfigurationPlatforms) = postSolution
		{8BF0D7CA-15FE-495A-8F83-7D1AECD55552}.Debug|Any CPU.ActiveCfg = Debug|Any CPU
		{8BF0D7CA-15FE-495A-8F83-7D1AECD55552}.Debug|Any CPU.Build.0 = Debug|Any CPU
		{8BF0D7CA-15FE-495A-8F83-7D1AECD55552}.Release|Any CPU.ActiveCfg = Release|Any CPU
		{8BF0D7CA-15FE-495A-8F83-7D1AECD55552}.Release|Any CPU.Build.0 = Release|Any CPU
	EndGlobalSection
	GlobalSection(SolutionProperties) = preSolution
		HideSolutionNode = FALSE
	EndGlobalSection
	GlobalSection(ExtensibilityGlobals) = postSolution
		SolutionGuid = {6F5CF799-BB3E-410F-8E9B-F08171A82570}
	EndGlobalSection
EndGlobal
